
Microsoft Visual Studio Solution File, Format Version 12.00
# Visual Studio Version 16
VisualStudioVersion = 16.0.33214.272
MinimumVisualStudioVersion = 10.0.40219.1
Project("{FAE04EC0-301F-11D3-BF4B-00C04F79EFBC}") = "ACQ.MandelbrotExplorer", "ACQ.MandelbrotExplorer.csproj", "{E3725FCD-FA6A-4EF1-99DB-41595647522E}"
EndProject
Global
	GlobalSection(SolutionConfigurationPlatforms) = preSolution
		Debug|Any CPU = Debug|Any CPU
		Release|Any CPU = Release|Any CPU
	EndGlobalSection
	GlobalSection(ProjectConfigurationPlatforms) = postSolution
		{E3725FCD-FA6A-4EF1-99DB-41595647522E}.Debug|Any CPU.ActiveCfg = Debug|Any CPU
		{E3725FCD-FA6A-4EF1-99DB-41595647522E}.Debug|Any CPU.Build.0 = Debug|Any CPU
		{E3725FCD-FA6A-4EF1-99DB-41595647522E}.Release|Any CPU.ActiveCfg = Release|Any CPU
		{E3725FCD-FA6A-4EF1-99DB-41595647522E}.Release|Any CPU.Build.0 = Release|Any CPU
	EndGlobalSection
	GlobalSection(SolutionProperties) = preSolution
		HideSolutionNode = FALSE
	EndGlobalSection
	GlobalSection(ExtensibilityGlobals) = postSolution
		SolutionGuid = {AC493DDF-B4BE-43D3-8709-CD76F77AAB23}
	EndGlobalSection
EndGlobal
