
Microsoft Visual Studio Solution File, Format Version 12.00
# Visual Studio Version 16
VisualStudioVersion = 16.0.30717.126
MinimumVisualStudioVersion = 10.0.40219.1
Project("{FAE04EC0-301F-11D3-BF4B-00C04F79EFBC}") = "ACQ.Core", "ACQ.Core.csproj", "{6AA766E4-DACD-4A13-BE0A-8DBB8CB35BBA}"
EndProject
Global
	GlobalSection(SolutionConfigurationPlatforms) = preSolution
		Debug|Any CPU = Debug|Any CPU
		Release|Any CPU = Release|Any CPU
	EndGlobalSection
	GlobalSection(ProjectConfigurationPlatforms) = postSolution
		{6AA766E4-DACD-4A13-BE0A-8DBB8CB35BBA}.Debug|Any CPU.ActiveCfg = Debug|Any CPU
		{6AA766E4-DACD-4A13-BE0A-8DBB8CB35BBA}.Debug|Any CPU.Build.0 = Debug|Any CPU
		{6AA766E4-DACD-4A13-BE0A-8DBB8CB35BBA}.Release|Any CPU.ActiveCfg = Release|Any CPU
		{6AA766E4-DACD-4A13-BE0A-8DBB8CB35BBA}.Release|Any CPU.Build.0 = Release|Any CPU
	EndGlobalSection
	GlobalSection(SolutionProperties) = preSolution
		HideSolutionNode = FALSE
	EndGlobalSection
	GlobalSection(ExtensibilityGlobals) = postSolution
		SolutionGuid = {7A36952B-6415-4C4E-8FB7-4703EF6B9F21}
	EndGlobalSection
EndGlobal
